
Microsoft Visual Studio Solution File, Format Version 12.00
# Visual Studio Version 16
VisualStudioVersion = 16.0.31702.278
MinimumVisualStudioVersion = 10.0.40219.1
Project("{8BC9CEB8-8B4A-11D0-8D11-00A0C91BC942}") = "Bingham Lab 1", "Bingham Lab 1\Bingham Lab 1.vcxproj", "{A737D3BD-7B22-4893-9E76-B0650E511885}"
EndProject
Global
	GlobalSection(SolutionConfigurationPlatforms) = preSolution
		Debug|x64 = Debug|x64
		Debug|x86 = Debug|x86
		Release|x64 = Release|x64
		Release|x86 = Release|x86
	EndGlobalSection
	GlobalSection(ProjectConfigurationPlatforms) = postSolution
		{A737D3BD-7B22-4893-9E76-B0650E511885}.Debug|x64.ActiveCfg = Debug|x64
		{A737D3BD-7B22-4893-9E76-B0650E511885}.Debug|x64.Build.0 = Debug|x64
		{A737D3BD-7B22-4893-9E76-B0650E511885}.Debug|x86.ActiveCfg = Debug|Win32
		{A737D3BD-7B22-4893-9E76-B0650E511885}.Debug|x86.Build.0 = Debug|Win32
		{A737D3BD-7B22-4893-9E76-B0650E511885}.Release|x64.ActiveCfg = Release|x64
		{A737D3BD-7B22-4893-9E76-B0650E511885}.Release|x64.Build.0 = Release|x64
		{A737D3BD-7B22-4893-9E76-B0650E511885}.Release|x86.ActiveCfg = Release|Win32
		{A737D3BD-7B22-4893-9E76-B0650E511885}.Release|x86.Build.0 = Release|Win32
	EndGlobalSection
	GlobalSection(SolutionProperties) = preSolution
		HideSolutionNode = FALSE
	EndGlobalSection
	GlobalSection(ExtensibilityGlobals) = postSolution
		SolutionGuid = {24B6A4C8-BF4F-4192-89FF-9F6FFA58E699}
	EndGlobalSection
EndGlobal
